
Microsoft Visual Studio Solution File, Format Version 12.00
# Visual Studio Version 17
VisualStudioVersion = 17.8.34309.116
MinimumVisualStudioVersion = 10.0.40219.1
Project("{FAE04EC0-301F-11D3-BF4B-00C04F79EFBC}") = "JobOpeningTest", "JobOpeningTest.csproj", "{B39FF45C-37AD-41BE-AB9C-73558EB80DC9}"
EndProject
Global
	GlobalSection(SolutionConfigurationPlatforms) = preSolution
		Debug|Any CPU = Debug|Any CPU
		Release|Any CPU = Release|Any CPU
	EndGlobalSection
	GlobalSection(ProjectConfigurationPlatforms) = postSolution
		{B39FF45C-37AD-41BE-AB9C-73558EB80DC9}.Debug|Any CPU.ActiveCfg = Debug|Any CPU
		{B39FF45C-37AD-41BE-AB9C-73558EB80DC9}.Debug|Any CPU.Build.0 = Debug|Any CPU
		{B39FF45C-37AD-41BE-AB9C-73558EB80DC9}.Release|Any CPU.ActiveCfg = Release|Any CPU
		{B39FF45C-37AD-41BE-AB9C-73558EB80DC9}.Release|Any CPU.Build.0 = Release|Any CPU
	EndGlobalSection
	GlobalSection(SolutionProperties) = preSolution
		HideSolutionNode = FALSE
	EndGlobalSection
	GlobalSection(ExtensibilityGlobals) = postSolution
		SolutionGuid = {CAA92D12-F7F5-4074-82B7-88C20996824C}
	EndGlobalSection
EndGlobal
